
Microsoft Visual Studio Solution File, Format Version 12.00
# Visual Studio 2013
VisualStudioVersion = 12.0.21005.1
MinimumVisualStudioVersion = 10.0.40219.1
Project("{FAE04EC0-301F-11D3-BF4B-00C04F79EFBC}") = "NewScript_BackStage", "NewScript_BackStage\NewScript_BackStage.csproj", "{9C1A3347-149A-43E7-B5B1-1A261DD809FB}"
EndProject
Project("{FAE04EC0-301F-11D3-BF4B-00C04F79EFBC}") = "Helper", "Helper\Helper.csproj", "{3D9CCF0D-0F27-4965-81F0-94D396B058D9}"
EndProject
Project("{FAE04EC0-301F-11D3-BF4B-00C04F79EFBC}") = "DAL", "..\DAL\DAL.csproj", "{0B6898E5-6915-4A30-9677-334A491C1412}"
EndProject
Project("{FAE04EC0-301F-11D3-BF4B-00C04F79EFBC}") = "BLL", "..\BLL\BLL.csproj", "{53EA29DE-DFDA-48E8-9011-B438C613F785}"
EndProject
Project("{FAE04EC0-301F-11D3-BF4B-00C04F79EFBC}") = "Model", "..\Model\Model.csproj", "{743BAD13-DC1A-4980-ACFF-701AE5F14F0D}"
EndProject
Project("{FAE04EC0-301F-11D3-BF4B-00C04F79EFBC}") = "Utility", "..\Utility\Utility.csproj", "{B9D564C7-591F-402F-90C3-03EDF90ABB78}"
EndProject
Global
	GlobalSection(SolutionConfigurationPlatforms) = preSolution
		Debug|Any CPU = Debug|Any CPU
		Release|Any CPU = Release|Any CPU
	EndGlobalSection
	GlobalSection(ProjectConfigurationPlatforms) = postSolution
		{9C1A3347-149A-43E7-B5B1-1A261DD809FB}.Debug|Any CPU.ActiveCfg = Debug|Any CPU
		{9C1A3347-149A-43E7-B5B1-1A261DD809FB}.Debug|Any CPU.Build.0 = Debug|Any CPU
		{9C1A3347-149A-43E7-B5B1-1A261DD809FB}.Release|Any CPU.ActiveCfg = Release|Any CPU
		{9C1A3347-149A-43E7-B5B1-1A261DD809FB}.Release|Any CPU.Build.0 = Release|Any CPU
		{3D9CCF0D-0F27-4965-81F0-94D396B058D9}.Debug|Any CPU.ActiveCfg = Debug|Any CPU
		{3D9CCF0D-0F27-4965-81F0-94D396B058D9}.Debug|Any CPU.Build.0 = Debug|Any CPU
		{3D9CCF0D-0F27-4965-81F0-94D396B058D9}.Release|Any CPU.ActiveCfg = Release|Any CPU
		{3D9CCF0D-0F27-4965-81F0-94D396B058D9}.Release|Any CPU.Build.0 = Release|Any CPU
		{0B6898E5-6915-4A30-9677-334A491C1412}.Debug|Any CPU.ActiveCfg = Debug|Any CPU
		{0B6898E5-6915-4A30-9677-334A491C1412}.Debug|Any CPU.Build.0 = Debug|Any CPU
		{0B6898E5-6915-4A30-9677-334A491C1412}.Release|Any CPU.ActiveCfg = Release|Any CPU
		{0B6898E5-6915-4A30-9677-334A491C1412}.Release|Any CPU.Build.0 = Release|Any CPU
		{53EA29DE-DFDA-48E8-9011-B438C613F785}.Debug|Any CPU.ActiveCfg = Debug|Any CPU
		{53EA29DE-DFDA-48E8-9011-B438C613F785}.Debug|Any CPU.Build.0 = Debug|Any CPU
		{53EA29DE-DFDA-48E8-9011-B438C613F785}.Release|Any CPU.ActiveCfg = Release|Any CPU
		{53EA29DE-DFDA-48E8-9011-B438C613F785}.Release|Any CPU.Build.0 = Release|Any CPU
		{743BAD13-DC1A-4980-ACFF-701AE5F14F0D}.Debug|Any CPU.ActiveCfg = Debug|Any CPU
		{743BAD13-DC1A-4980-ACFF-701AE5F14F0D}.Debug|Any CPU.Build.0 = Debug|Any CPU
		{743BAD13-DC1A-4980-ACFF-701AE5F14F0D}.Release|Any CPU.ActiveCfg = Release|Any CPU
		{743BAD13-DC1A-4980-ACFF-701AE5F14F0D}.Release|Any CPU.Build.0 = Release|Any CPU
		{B9D564C7-591F-402F-90C3-03EDF90ABB78}.Debug|Any CPU.ActiveCfg = Debug|Any CPU
		{B9D564C7-591F-402F-90C3-03EDF90ABB78}.Debug|Any CPU.Build.0 = Debug|Any CPU
		{B9D564C7-591F-402F-90C3-03EDF90ABB78}.Release|Any CPU.ActiveCfg = Release|Any CPU
		{B9D564C7-591F-402F-90C3-03EDF90ABB78}.Release|Any CPU.Build.0 = Release|Any CPU
	EndGlobalSection
	GlobalSection(SolutionProperties) = preSolution
		HideSolutionNode = FALSE
	EndGlobalSection
EndGlobal
