
Microsoft Visual Studio Solution File, Format Version 12.00
# Visual Studio 2013
VisualStudioVersion = 12.0.21005.1
MinimumVisualStudioVersion = 10.0.40219.1
Project("{FAE04EC0-301F-11D3-BF4B-00C04F79EFBC}") = "NewScript_BackStage", "NewScript_BackStage\NewScript_BackStage.csproj", "{9C1A3347-149A-43E7-B5B1-1A261DD809FB}"
EndProject
Project("{FAE04EC0-301F-11D3-BF4B-00C04F79EFBC}") = "Helper", "Helper\Helper.csproj", "{3D9CCF0D-0F27-4965-81F0-94D396B058D9}"
EndProject
Global
	GlobalSection(SolutionConfigurationPlatforms) = preSolution
		Debug|Any CPU = Debug|Any CPU
		Release|Any CPU = Release|Any CPU
	EndGlobalSection
	GlobalSection(ProjectConfigurationPlatforms) = postSolution
		{9C1A3347-149A-43E7-B5B1-1A261DD809FB}.Debug|Any CPU.ActiveCfg = Debug|Any CPU
		{9C1A3347-149A-43E7-B5B1-1A261DD809FB}.Debug|Any CPU.Build.0 = Debug|Any CPU
		{9C1A3347-149A-43E7-B5B1-1A261DD809FB}.Release|Any CPU.ActiveCfg = Release|Any CPU
		{9C1A3347-149A-43E7-B5B1-1A261DD809FB}.Release|Any CPU.Build.0 = Release|Any CPU
		{3D9CCF0D-0F27-4965-81F0-94D396B058D9}.Debug|Any CPU.ActiveCfg = Debug|Any CPU
		{3D9CCF0D-0F27-4965-81F0-94D396B058D9}.Debug|Any CPU.Build.0 = Debug|Any CPU
		{3D9CCF0D-0F27-4965-81F0-94D396B058D9}.Release|Any CPU.ActiveCfg = Release|Any CPU
		{3D9CCF0D-0F27-4965-81F0-94D396B058D9}.Release|Any CPU.Build.0 = Release|Any CPU
	EndGlobalSection
	GlobalSection(SolutionProperties) = preSolution
		HideSolutionNode = FALSE
	EndGlobalSection
EndGlobal
